
Microsoft Visual Studio Solution File, Format Version 12.00
# Visual Studio Version 17
VisualStudioVersion = 17.1.32414.318
MinimumVisualStudioVersion = 10.0.40219.1
Project("{9A19103F-16F7-4668-BE54-9A1E7A4F7556}") = "GCScriptForRiocard", "GCScriptForRiocard\GCScriptForRiocard.csproj", "{A2A9C682-5074-406E-83E8-52C5B2A0117E}"
EndProject
Project("{9A19103F-16F7-4668-BE54-9A1E7A4F7556}") = "utilities", "utilities\utilities.csproj", "{830F690D-CDF8-4FF1-9F66-F736DC86850B}"
EndProject
Project("{9A19103F-16F7-4668-BE54-9A1E7A4F7556}") = "icons", "icons\icons.csproj", "{670865E0-7060-4231-BF63-D108EF11D0B8}"
EndProject
Global
	GlobalSection(SolutionConfigurationPlatforms) = preSolution
		Debug|Any CPU = Debug|Any CPU
		Release|Any CPU = Release|Any CPU
	EndGlobalSection
	GlobalSection(ProjectConfigurationPlatforms) = postSolution
		{A2A9C682-5074-406E-83E8-52C5B2A0117E}.Debug|Any CPU.ActiveCfg = Debug|Any CPU
		{A2A9C682-5074-406E-83E8-52C5B2A0117E}.Debug|Any CPU.Build.0 = Debug|Any CPU
		{A2A9C682-5074-406E-83E8-52C5B2A0117E}.Release|Any CPU.ActiveCfg = Release|Any CPU
		{A2A9C682-5074-406E-83E8-52C5B2A0117E}.Release|Any CPU.Build.0 = Release|Any CPU
		{830F690D-CDF8-4FF1-9F66-F736DC86850B}.Debug|Any CPU.ActiveCfg = Debug|Any CPU
		{830F690D-CDF8-4FF1-9F66-F736DC86850B}.Debug|Any CPU.Build.0 = Debug|Any CPU
		{830F690D-CDF8-4FF1-9F66-F736DC86850B}.Release|Any CPU.ActiveCfg = Release|Any CPU
		{830F690D-CDF8-4FF1-9F66-F736DC86850B}.Release|Any CPU.Build.0 = Release|Any CPU
		{670865E0-7060-4231-BF63-D108EF11D0B8}.Debug|Any CPU.ActiveCfg = Debug|Any CPU
		{670865E0-7060-4231-BF63-D108EF11D0B8}.Debug|Any CPU.Build.0 = Debug|Any CPU
		{670865E0-7060-4231-BF63-D108EF11D0B8}.Release|Any CPU.ActiveCfg = Release|Any CPU
		{670865E0-7060-4231-BF63-D108EF11D0B8}.Release|Any CPU.Build.0 = Release|Any CPU
	EndGlobalSection
	GlobalSection(SolutionProperties) = preSolution
		HideSolutionNode = FALSE
	EndGlobalSection
	GlobalSection(ExtensibilityGlobals) = postSolution
		SolutionGuid = {FE730EC6-CE4B-45BF-9683-CCC3E2DDD333}
	EndGlobalSection
EndGlobal
